// !$*UTF8*$!
{
	archiveVersion = 1;
	classes = {
	};
	objectVersion = 46;
	objects = {

/* Begin PBXBuildFile section */
		230D3CAFDE1DB8F1F1C2CDDD /* Pods_CustomCollectionViewTests.framework in Frameworks */ = {isa = PBXBuildFile; fileRef = 53449F868C151E3EDA10B298 /* Pods_CustomCollectionViewTests.framework */; };
		2355A396B9FBBE4B5B90007C /* Pods_CustomCollectionView.framework in Frameworks */ = {isa = PBXBuildFile; fileRef = B1857B164C43F33FE9F27746 /* Pods_CustomCollectionView.framework */; };
		CD5700231E8A594E00E70909 /* CascadeCollectionView.swift in Sources */ = {isa = PBXBuildFile; fileRef = CD57001E1E8A594E00E70909 /* CascadeCollectionView.swift */; };
		CD5700241E8A594E00E70909 /* CascadeCollectionViewCell.swift in Sources */ = {isa = PBXBuildFile; fileRef = CD57001F1E8A594E00E70909 /* CascadeCollectionViewCell.swift */; };
		CD5700251E8A594E00E70909 /* HeaderCollectionViewCell.swift in Sources */ = {isa = PBXBuildFile; fileRef = CD5700201E8A594E00E70909 /* HeaderCollectionViewCell.swift */; };
		CD5700261E8A594E00E70909 /* RCRoundedInfoCell.swift in Sources */ = {isa = PBXBuildFile; fileRef = CD5700211E8A594E00E70909 /* RCRoundedInfoCell.swift */; };
		CD5700271E8A594E00E70909 /* RCRoundedInfoCell.xib in Resources */ = {isa = PBXBuildFile; fileRef = CD5700221E8A594E00E70909 /* RCRoundedInfoCell.xib */; };
		CDA7E1481E83C0030095AD65 /* AppDelegate.swift in Sources */ = {isa = PBXBuildFile; fileRef = CDA7E1471E83C0030095AD65 /* AppDelegate.swift */; };
		CDA7E14A1E83C0030095AD65 /* ViewController.swift in Sources */ = {isa = PBXBuildFile; fileRef = CDA7E1491E83C0030095AD65 /* ViewController.swift */; };
		CDA7E14D1E83C0030095AD65 /* Main.storyboard in Resources */ = {isa = PBXBuildFile; fileRef = CDA7E14B1E83C0030095AD65 /* Main.storyboard */; };
		CDA7E14F1E83C0030095AD65 /* Assets.xcassets in Resources */ = {isa = PBXBuildFile; fileRef = CDA7E14E1E83C0030095AD65 /* Assets.xcassets */; };
		CDA7E1521E83C0030095AD65 /* LaunchScreen.storyboard in Resources */ = {isa = PBXBuildFile; fileRef = CDA7E1501E83C0030095AD65 /* LaunchScreen.storyboard */; };
		CDA7E15D1E83C0030095AD65 /* CustomCollectionViewTests.swift in Sources */ = {isa = PBXBuildFile; fileRef = CDA7E15C1E83C0030095AD65 /* CustomCollectionViewTests.swift */; };
		CDA7E1701E83D8AD0095AD65 /* EventBookingViewController.swift in Sources */ = {isa = PBXBuildFile; fileRef = CDA7E16F1E83D8AD0095AD65 /* EventBookingViewController.swift */; };
		CDA7E1721E83D8B90095AD65 /* EventBooking.storyboard in Resources */ = {isa = PBXBuildFile; fileRef = CDA7E1711E83D8B90095AD65 /* EventBooking.storyboard */; };
		CDA7E17D1E83E18E0095AD65 /* UIColor.swift in Sources */ = {isa = PBXBuildFile; fileRef = CDA7E17C1E83E18E0095AD65 /* UIColor.swift */; };
		CDA7E17F1E83E81A0095AD65 /* Constants.swift in Sources */ = {isa = PBXBuildFile; fileRef = CDA7E17E1E83E81A0095AD65 /* Constants.swift */; };
		CDA7E1811E83E9590095AD65 /* DataHelper.swift in Sources */ = {isa = PBXBuildFile; fileRef = CDA7E1801E83E9590095AD65 /* DataHelper.swift */; };
		CDA7E1831E8538270095AD65 /* EventTypeViewController.swift in Sources */ = {isa = PBXBuildFile; fileRef = CDA7E1821E8538270095AD65 /* EventTypeViewController.swift */; };
		CDA7E1851E8538D70095AD65 /* EventType.storyboard in Resources */ = {isa = PBXBuildFile; fileRef = CDA7E1841E8538D70095AD65 /* EventType.storyboard */; };
/* End PBXBuildFile section */

/* Begin PBXContainerItemProxy section */
		CDA7E1591E83C0030095AD65 /* PBXContainerItemProxy */ = {
			isa = PBXContainerItemProxy;
			containerPortal = CDA7E13C1E83C0030095AD65 /* Project object */;
			proxyType = 1;
			remoteGlobalIDString = CDA7E1431E83C0030095AD65;
			remoteInfo = CustomCollectionView;
		};
/* End PBXContainerItemProxy section */

/* Begin PBXFileReference section */
		1BC3A5FFBF7FD99B939CBCB1 /* Pods-CustomCollectionViewTests.debug.xcconfig */ = {isa = PBXFileReference; includeInIndex = 1; lastKnownFileType = text.xcconfig; name = "Pods-CustomCollectionViewTests.debug.xcconfig"; path = "Pods/Target Support Files/Pods-CustomCollectionViewTests/Pods-CustomCollectionViewTests.debug.xcconfig"; sourceTree = "<group>"; };
		53449F868C151E3EDA10B298 /* Pods_CustomCollectionViewTests.framework */ = {isa = PBXFileReference; explicitFileType = wrapper.framework; includeInIndex = 0; path = Pods_CustomCollectionViewTests.framework; sourceTree = BUILT_PRODUCTS_DIR; };
		B1857B164C43F33FE9F27746 /* Pods_CustomCollectionView.framework */ = {isa = PBXFileReference; explicitFileType = wrapper.framework; includeInIndex = 0; path = Pods_CustomCollectionView.framework; sourceTree = BUILT_PRODUCTS_DIR; };
		BF60401198EEACB31CBA7428 /* Pods-CustomCollectionView.release.xcconfig */ = {isa = PBXFileReference; includeInIndex = 1; lastKnownFileType = text.xcconfig; name = "Pods-CustomCollectionView.release.xcconfig"; path = "Pods/Target Support Files/Pods-CustomCollectionView/Pods-CustomCollectionView.release.xcconfig"; sourceTree = "<group>"; };
		C65E3824B7F677E15A944BD9 /* Pods-CustomCollectionView.debug.xcconfig */ = {isa = PBXFileReference; includeInIndex = 1; lastKnownFileType = text.xcconfig; name = "Pods-CustomCollectionView.debug.xcconfig"; path = "Pods/Target Support Files/Pods-CustomCollectionView/Pods-CustomCollectionView.debug.xcconfig"; sourceTree = "<group>"; };
		CCF384EC4333E53E577F02ED /* Pods-CustomCollectionViewTests.release.xcconfig */ = {isa = PBXFileReference; includeInIndex = 1; lastKnownFileType = text.xcconfig; name = "Pods-CustomCollectionViewTests.release.xcconfig"; path = "Pods/Target Support Files/Pods-CustomCollectionViewTests/Pods-CustomCollectionViewTests.release.xcconfig"; sourceTree = "<group>"; };
		CD57001E1E8A594E00E70909 /* CascadeCollectionView.swift */ = {isa = PBXFileReference; fileEncoding = 4; lastKnownFileType = sourcecode.swift; path = CascadeCollectionView.swift; sourceTree = "<group>"; };
		CD57001F1E8A594E00E70909 /* CascadeCollectionViewCell.swift */ = {isa = PBXFileReference; fileEncoding = 4; lastKnownFileType = sourcecode.swift; path = CascadeCollectionViewCell.swift; sourceTree = "<group>"; };
		CD5700201E8A594E00E70909 /* HeaderCollectionViewCell.swift */ = {isa = PBXFileReference; fileEncoding = 4; lastKnownFileType = sourcecode.swift; path = HeaderCollectionViewCell.swift; sourceTree = "<group>"; };
		CD5700211E8A594E00E70909 /* RCRoundedInfoCell.swift */ = {isa = PBXFileReference; fileEncoding = 4; lastKnownFileType = sourcecode.swift; path = RCRoundedInfoCell.swift; sourceTree = "<group>"; };
		CD5700221E8A594E00E70909 /* RCRoundedInfoCell.xib */ = {isa = PBXFileReference; fileEncoding = 4; lastKnownFileType = file.xib; path = RCRoundedInfoCell.xib; sourceTree = "<group>"; };
		CDA7E1441E83C0030095AD65 /* CustomCollectionView.app */ = {isa = PBXFileReference; explicitFileType = wrapper.application; includeInIndex = 0; path = CustomCollectionView.app; sourceTree = BUILT_PRODUCTS_DIR; };
		CDA7E1471E83C0030095AD65 /* AppDelegate.swift */ = {isa = PBXFileReference; lastKnownFileType = sourcecode.swift; path = AppDelegate.swift; sourceTree = "<group>"; };
		CDA7E1491E83C0030095AD65 /* ViewController.swift */ = {isa = PBXFileReference; lastKnownFileType = sourcecode.swift; path = ViewController.swift; sourceTree = "<group>"; };
		CDA7E14C1E83C0030095AD65 /* Base */ = {isa = PBXFileReference; lastKnownFileType = file.storyboard; name = Base; path = Base.lproj/Main.storyboard; sourceTree = "<group>"; };
		CDA7E14E1E83C0030095AD65 /* Assets.xcassets */ = {isa = PBXFileReference; lastKnownFileType = folder.assetcatalog; path = Assets.xcassets; sourceTree = "<group>"; };
		CDA7E1511E83C0030095AD65 /* Base */ = {isa = PBXFileReference; lastKnownFileType = file.storyboard; name = Base; path = Base.lproj/LaunchScreen.storyboard; sourceTree = "<group>"; };
		CDA7E1531E83C0030095AD65 /* Info.plist */ = {isa = PBXFileReference; lastKnownFileType = text.plist.xml; path = Info.plist; sourceTree = "<group>"; };
		CDA7E1581E83C0030095AD65 /* CustomCollectionViewTests.xctest */ = {isa = PBXFileReference; explicitFileType = wrapper.cfbundle; includeInIndex = 0; path = CustomCollectionViewTests.xctest; sourceTree = BUILT_PRODUCTS_DIR; };
		CDA7E15C1E83C0030095AD65 /* CustomCollectionViewTests.swift */ = {isa = PBXFileReference; lastKnownFileType = sourcecode.swift; path = CustomCollectionViewTests.swift; sourceTree = "<group>"; };
		CDA7E15E1E83C0030095AD65 /* Info.plist */ = {isa = PBXFileReference; lastKnownFileType = text.plist.xml; path = Info.plist; sourceTree = "<group>"; };
		CDA7E16F1E83D8AD0095AD65 /* EventBookingViewController.swift */ = {isa = PBXFileReference; fileEncoding = 4; lastKnownFileType = sourcecode.swift; path = EventBookingViewController.swift; sourceTree = "<group>"; };
		CDA7E1711E83D8B90095AD65 /* EventBooking.storyboard */ = {isa = PBXFileReference; fileEncoding = 4; lastKnownFileType = file.storyboard; path = EventBooking.storyboard; sourceTree = "<group>"; };
		CDA7E17C1E83E18E0095AD65 /* UIColor.swift */ = {isa = PBXFileReference; fileEncoding = 4; lastKnownFileType = sourcecode.swift; path = UIColor.swift; sourceTree = "<group>"; };
		CDA7E17E1E83E81A0095AD65 /* Constants.swift */ = {isa = PBXFileReference; fileEncoding = 4; lastKnownFileType = sourcecode.swift; path = Constants.swift; sourceTree = "<group>"; };
		CDA7E1801E83E9590095AD65 /* DataHelper.swift */ = {isa = PBXFileReference; fileEncoding = 4; lastKnownFileType = sourcecode.swift; path = DataHelper.swift; sourceTree = "<group>"; };
		CDA7E1821E8538270095AD65 /* EventTypeViewController.swift */ = {isa = PBXFileReference; fileEncoding = 4; lastKnownFileType = sourcecode.swift; path = EventTypeViewController.swift; sourceTree = "<group>"; };
		CDA7E1841E8538D70095AD65 /* EventType.storyboard */ = {isa = PBXFileReference; fileEncoding = 4; lastKnownFileType = file.storyboard; path = EventType.storyboard; sourceTree = "<group>"; };
/* End PBXFileReference section */

/* Begin PBXFrameworksBuildPhase section */
		CDA7E1411E83C0030095AD65 /* Frameworks */ = {
			isa = PBXFrameworksBuildPhase;
			buildActionMask = 2147483647;
			files = (
				2355A396B9FBBE4B5B90007C /* Pods_CustomCollectionView.framework in Frameworks */,
			);
			runOnlyForDeploymentPostprocessing = 0;
		};
		CDA7E1551E83C0030095AD65 /* Frameworks */ = {
			isa = PBXFrameworksBuildPhase;
			buildActionMask = 2147483647;
			files = (
				230D3CAFDE1DB8F1F1C2CDDD /* Pods_CustomCollectionViewTests.framework in Frameworks */,
			);
			runOnlyForDeploymentPostprocessing = 0;
		};
/* End PBXFrameworksBuildPhase section */

/* Begin PBXGroup section */
		7A8F4E5A89E54AB2A714EF0C /* Frameworks */ = {
			isa = PBXGroup;
			children = (
				B1857B164C43F33FE9F27746 /* Pods_CustomCollectionView.framework */,
				53449F868C151E3EDA10B298 /* Pods_CustomCollectionViewTests.framework */,
			);
			name = Frameworks;
			sourceTree = "<group>";
		};
		8E2D23E75869EEDA8504556F /* Pods */ = {
			isa = PBXGroup;
			children = (
				C65E3824B7F677E15A944BD9 /* Pods-CustomCollectionView.debug.xcconfig */,
				BF60401198EEACB31CBA7428 /* Pods-CustomCollectionView.release.xcconfig */,
				1BC3A5FFBF7FD99B939CBCB1 /* Pods-CustomCollectionViewTests.debug.xcconfig */,
				CCF384EC4333E53E577F02ED /* Pods-CustomCollectionViewTests.release.xcconfig */,
			);
			name = Pods;
			sourceTree = "<group>";
		};
		CD57001D1E8A594E00E70909 /* CustomView */ = {
			isa = PBXGroup;
			children = (
				CD57001E1E8A594E00E70909 /* CascadeCollectionView.swift */,
				CD57001F1E8A594E00E70909 /* CascadeCollectionViewCell.swift */,
				CD5700201E8A594E00E70909 /* HeaderCollectionViewCell.swift */,
				CD5700211E8A594E00E70909 /* RCRoundedInfoCell.swift */,
				CD5700221E8A594E00E70909 /* RCRoundedInfoCell.xib */,
			);
			path = CustomView;
			sourceTree = "<group>";
		};
		CDA7E13B1E83C0030095AD65 = {
			isa = PBXGroup;
			children = (
				CDA7E1461E83C0030095AD65 /* CustomCollectionView */,
				CDA7E15B1E83C0030095AD65 /* CustomCollectionViewTests */,
				CDA7E1451E83C0030095AD65 /* Products */,
				8E2D23E75869EEDA8504556F /* Pods */,
				7A8F4E5A89E54AB2A714EF0C /* Frameworks */,
			);
			sourceTree = "<group>";
		};
		CDA7E1451E83C0030095AD65 /* Products */ = {
			isa = PBXGroup;
			children = (
				CDA7E1441E83C0030095AD65 /* CustomCollectionView.app */,
				CDA7E1581E83C0030095AD65 /* CustomCollectionViewTests.xctest */,
			);
			name = Products;
			sourceTree = "<group>";
		};
		CDA7E1461E83C0030095AD65 /* CustomCollectionView */ = {
			isa = PBXGroup;
			children = (
				CDA7E1471E83C0030095AD65 /* AppDelegate.swift */,
				CDA7E1491E83C0030095AD65 /* ViewController.swift */,
				CD57001D1E8A594E00E70909 /* CustomView */,
				CDA7E16A1E83C18F0095AD65 /* Utility */,
				CDA7E1671E83C1050095AD65 /* Controller */,
				CDA7E14B1E83C0030095AD65 /* Main.storyboard */,
				CDA7E14E1E83C0030095AD65 /* Assets.xcassets */,
				CDA7E1681E83C10A0095AD65 /* Storyboard */,
				CDA7E1501E83C0030095AD65 /* LaunchScreen.storyboard */,
				CDA7E1531E83C0030095AD65 /* Info.plist */,
			);
			path = CustomCollectionView;
			sourceTree = "<group>";
		};
		CDA7E15B1E83C0030095AD65 /* CustomCollectionViewTests */ = {
			isa = PBXGroup;
			children = (
				CDA7E15C1E83C0030095AD65 /* CustomCollectionViewTests.swift */,
				CDA7E15E1E83C0030095AD65 /* Info.plist */,
			);
			path = CustomCollectionViewTests;
			sourceTree = "<group>";
		};
		CDA7E1671E83C1050095AD65 /* Controller */ = {
			isa = PBXGroup;
			children = (
				CDA7E16F1E83D8AD0095AD65 /* EventBookingViewController.swift */,
				CDA7E1821E8538270095AD65 /* EventTypeViewController.swift */,
			);
			path = Controller;
			sourceTree = "<group>";
		};
		CDA7E1681E83C10A0095AD65 /* Storyboard */ = {
			isa = PBXGroup;
			children = (
				CDA7E1711E83D8B90095AD65 /* EventBooking.storyboard */,
				CDA7E1841E8538D70095AD65 /* EventType.storyboard */,
			);
			path = Storyboard;
			sourceTree = "<group>";
		};
		CDA7E16A1E83C18F0095AD65 /* Utility */ = {
			isa = PBXGroup;
			children = (
				CDA7E17C1E83E18E0095AD65 /* UIColor.swift */,
				CDA7E17E1E83E81A0095AD65 /* Constants.swift */,
				CDA7E1801E83E9590095AD65 /* DataHelper.swift */,
			);
			path = Utility;
			sourceTree = "<group>";
		};
/* End PBXGroup section */

/* Begin PBXNativeTarget section */
		CDA7E1431E83C0030095AD65 /* CustomCollectionView */ = {
			isa = PBXNativeTarget;
			buildConfigurationList = CDA7E1611E83C0030095AD65 /* Build configuration list for PBXNativeTarget "CustomCollectionView" */;
			buildPhases = (
				9867C26AA68619F7FB863981 /* [CP] Check Pods Manifest.lock */,
				CDA7E1401E83C0030095AD65 /* Sources */,
				CDA7E1411E83C0030095AD65 /* Frameworks */,
				CDA7E1421E83C0030095AD65 /* Resources */,
				977E0E6B58684B997C7B0D99 /* [CP] Embed Pods Frameworks */,
				71C44C755898A1F54DA6F9A8 /* [CP] Copy Pods Resources */,
				CDA7E1861E8925450095AD65 /* ShellScript */,
			);
			buildRules = (
			);
			dependencies = (
			);
			name = CustomCollectionView;
			productName = CustomCollectionView;
			productReference = CDA7E1441E83C0030095AD65 /* CustomCollectionView.app */;
			productType = "com.apple.product-type.application";
		};
		CDA7E1571E83C0030095AD65 /* CustomCollectionViewTests */ = {
			isa = PBXNativeTarget;
			buildConfigurationList = CDA7E1641E83C0030095AD65 /* Build configuration list for PBXNativeTarget "CustomCollectionViewTests" */;
			buildPhases = (
				E841305ACF7039C972B0541F /* [CP] Check Pods Manifest.lock */,
				CDA7E1541E83C0030095AD65 /* Sources */,
				CDA7E1551E83C0030095AD65 /* Frameworks */,
				CDA7E1561E83C0030095AD65 /* Resources */,
				AA98B0EE25CC81BCDAF3941F /* [CP] Embed Pods Frameworks */,
				7684F84A379CD5D844C69D0A /* [CP] Copy Pods Resources */,
			);
			buildRules = (
			);
			dependencies = (
				CDA7E15A1E83C0030095AD65 /* PBXTargetDependency */,
			);
			name = CustomCollectionViewTests;
			productName = CustomCollectionViewTests;
			productReference = CDA7E1581E83C0030095AD65 /* CustomCollectionViewTests.xctest */;
			productType = "com.apple.product-type.bundle.unit-test";
		};
/* End PBXNativeTarget section */

/* Begin PBXProject section */
		CDA7E13C1E83C0030095AD65 /* Project object */ = {
			isa = PBXProject;
			attributes = {
				LastSwiftUpdateCheck = 0820;
				LastUpgradeCheck = 0820;
				ORGANIZATIONNAME = "Domalwar, Pravin";
				TargetAttributes = {
					CDA7E1431E83C0030095AD65 = {
						CreatedOnToolsVersion = 8.2.1;
						DevelopmentTeam = 974TYEJCT3;
						ProvisioningStyle = Manual;
					};
					CDA7E1571E83C0030095AD65 = {
						CreatedOnToolsVersion = 8.2.1;
						ProvisioningStyle = Automatic;
						TestTargetID = CDA7E1431E83C0030095AD65;
					};
				};
			};
			buildConfigurationList = CDA7E13F1E83C0030095AD65 /* Build configuration list for PBXProject "CustomCollectionView" */;
			compatibilityVersion = "Xcode 3.2";
			developmentRegion = English;
			hasScannedForEncodings = 0;
			knownRegions = (
				en,
				Base,
			);
			mainGroup = CDA7E13B1E83C0030095AD65;
			productRefGroup = CDA7E1451E83C0030095AD65 /* Products */;
			projectDirPath = "";
			projectRoot = "";
			targets = (
				CDA7E1431E83C0030095AD65 /* CustomCollectionView */,
				CDA7E1571E83C0030095AD65 /* CustomCollectionViewTests */,
			);
		};
/* End PBXProject section */

/* Begin PBXResourcesBuildPhase section */
		CDA7E1421E83C0030095AD65 /* Resources */ = {
			isa = PBXResourcesBuildPhase;
			buildActionMask = 2147483647;
			files = (
				CDA7E1521E83C0030095AD65 /* LaunchScreen.storyboard in Resources */,
				CDA7E1721E83D8B90095AD65 /* EventBooking.storyboard in Resources */,
				CD5700271E8A594E00E70909 /* RCRoundedInfoCell.xib in Resources */,
				CDA7E14F1E83C0030095AD65 /* Assets.xcassets in Resources */,
				CDA7E1851E8538D70095AD65 /* EventType.storyboard in Resources */,
				CDA7E14D1E83C0030095AD65 /* Main.storyboard in Resources */,
			);
			runOnlyForDeploymentPostprocessing = 0;
		};
		CDA7E1561E83C0030095AD65 /* Resources */ = {
			isa = PBXResourcesBuildPhase;
			buildActionMask = 2147483647;
			files = (
			);
			runOnlyForDeploymentPostprocessing = 0;
		};
/* End PBXResourcesBuildPhase section */

/* Begin PBXShellScriptBuildPhase section */
		71C44C755898A1F54DA6F9A8 /* [CP] Copy Pods Resources */ = {
			isa = PBXShellScriptBuildPhase;
			buildActionMask = 2147483647;
			files = (
			);
			inputPaths = (
			);
			name = "[CP] Copy Pods Resources";
			outputPaths = (
			);
			runOnlyForDeploymentPostprocessing = 0;
			shellPath = /bin/sh;
			shellScript = "\"${SRCROOT}/Pods/Target Support Files/Pods-CustomCollectionView/Pods-CustomCollectionView-resources.sh\"\n";
			showEnvVarsInLog = 0;
		};
		7684F84A379CD5D844C69D0A /* [CP] Copy Pods Resources */ = {
			isa = PBXShellScriptBuildPhase;
			buildActionMask = 2147483647;
			files = (
			);
			inputPaths = (
			);
			name = "[CP] Copy Pods Resources";
			outputPaths = (
			);
			runOnlyForDeploymentPostprocessing = 0;
			shellPath = /bin/sh;
			shellScript = "\"${SRCROOT}/Pods/Target Support Files/Pods-CustomCollectionViewTests/Pods-CustomCollectionViewTests-resources.sh\"\n";
			showEnvVarsInLog = 0;
		};
		977E0E6B58684B997C7B0D99 /* [CP] Embed Pods Frameworks */ = {
			isa = PBXShellScriptBuildPhase;
			buildActionMask = 2147483647;
			files = (
			);
			inputPaths = (
			);
			name = "[CP] Embed Pods Frameworks";
			outputPaths = (
			);
			runOnlyForDeploymentPostprocessing = 0;
			shellPath = /bin/sh;
			shellScript = "\"${SRCROOT}/Pods/Target Support Files/Pods-CustomCollectionView/Pods-CustomCollectionView-frameworks.sh\"\n";
			showEnvVarsInLog = 0;
		};
		9867C26AA68619F7FB863981 /* [CP] Check Pods Manifest.lock */ = {
			isa = PBXShellScriptBuildPhase;
			buildActionMask = 2147483647;
			files = (
			);
			inputPaths = (
			);
			name = "[CP] Check Pods Manifest.lock";
			outputPaths = (
			);
			runOnlyForDeploymentPostprocessing = 0;
			shellPath = /bin/sh;
			shellScript = "diff \"${PODS_ROOT}/../Podfile.lock\" \"${PODS_ROOT}/Manifest.lock\" > /dev/null\nif [ $? != 0 ] ; then\n    # print error to STDERR\n    echo \"error: The sandbox is not in sync with the Podfile.lock. Run 'pod install' or update your CocoaPods installation.\" >&2\n    exit 1\nfi\n";
			showEnvVarsInLog = 0;
		};
		AA98B0EE25CC81BCDAF3941F /* [CP] Embed Pods Frameworks */ = {
			isa = PBXShellScriptBuildPhase;
			buildActionMask = 2147483647;
			files = (
			);
			inputPaths = (
			);
			name = "[CP] Embed Pods Frameworks";
			outputPaths = (
			);
			runOnlyForDeploymentPostprocessing = 0;
			shellPath = /bin/sh;
			shellScript = "\"${SRCROOT}/Pods/Target Support Files/Pods-CustomCollectionViewTests/Pods-CustomCollectionViewTests-frameworks.sh\"\n";
			showEnvVarsInLog = 0;
		};
		CDA7E1861E8925450095AD65 /* ShellScript */ = {
			isa = PBXShellScriptBuildPhase;
			buildActionMask = 8;
			files = (
			);
			inputPaths = (
			);
			outputPaths = (
			);
			runOnlyForDeploymentPostprocessing = 1;
			shellPath = /bin/sh;
			shellScript = "REQUIRE_UPLOAD_SUCCESS=0\nAPP_ID=\"9868f5c7a17f48b189a438bbca4397d000555300\"\nAPI_KEY=\"8f1cbe5177c3108bf50f300c9107e29c\"\nsource ${PODS_ROOT}/CrittercismSDK/dsym_upload.sh\n";
		};
		E841305ACF7039C972B0541F /* [CP] Check Pods Manifest.lock */ = {
			isa = PBXShellScriptBuildPhase;
			buildActionMask = 2147483647;
			files = (
			);
			inputPaths = (
			);
			name = "[CP] Check Pods Manifest.lock";
			outputPaths = (
			);
			runOnlyForDeploymentPostprocessing = 0;
			shellPath = /bin/sh;
			shellScript = "diff \"${PODS_ROOT}/../Podfile.lock\" \"${PODS_ROOT}/Manifest.lock\" > /dev/null\nif [ $? != 0 ] ; then\n    # print error to STDERR\n    echo \"error: The sandbox is not in sync with the Podfile.lock. Run 'pod install' or update your CocoaPods installation.\" >&2\n    exit 1\nfi\n";
			showEnvVarsInLog = 0;
		};
/* End PBXShellScriptBuildPhase section */

/* Begin PBXSourcesBuildPhase section */
		CDA7E1401E83C0030095AD65 /* Sources */ = {
			isa = PBXSourcesBuildPhase;
			buildActionMask = 2147483647;
			files = (
				CDA7E14A1E83C0030095AD65 /* ViewController.swift in Sources */,
				CD5700261E8A594E00E70909 /* RCRoundedInfoCell.swift in Sources */,
				CD5700231E8A594E00E70909 /* CascadeCollectionView.swift in Sources */,
				CDA7E1831E8538270095AD65 /* EventTypeViewController.swift in Sources */,
				CDA7E1701E83D8AD0095AD65 /* EventBookingViewController.swift in Sources */,
				CDA7E17D1E83E18E0095AD65 /* UIColor.swift in Sources */,
				CDA7E1481E83C0030095AD65 /* AppDelegate.swift in Sources */,
				CDA7E17F1E83E81A0095AD65 /* Constants.swift in Sources */,
				CD5700251E8A594E00E70909 /* HeaderCollectionViewCell.swift in Sources */,
				CD5700241E8A594E00E70909 /* CascadeCollectionViewCell.swift in Sources */,
				CDA7E1811E83E9590095AD65 /* DataHelper.swift in Sources */,
			);
			runOnlyForDeploymentPostprocessing = 0;
		};
		CDA7E1541E83C0030095AD65 /* Sources */ = {
			isa = PBXSourcesBuildPhase;
			buildActionMask = 2147483647;
			files = (
				CDA7E15D1E83C0030095AD65 /* CustomCollectionViewTests.swift in Sources */,
			);
			runOnlyForDeploymentPostprocessing = 0;
		};
/* End PBXSourcesBuildPhase section */

/* Begin PBXTargetDependency section */
		CDA7E15A1E83C0030095AD65 /* PBXTargetDependency */ = {
			isa = PBXTargetDependency;
			target = CDA7E1431E83C0030095AD65 /* CustomCollectionView */;
			targetProxy = CDA7E1591E83C0030095AD65 /* PBXContainerItemProxy */;
		};
/* End PBXTargetDependency section */

/* Begin PBXVariantGroup section */
		CDA7E14B1E83C0030095AD65 /* Main.storyboard */ = {
			isa = PBXVariantGroup;
			children = (
				CDA7E14C1E83C0030095AD65 /* Base */,
			);
			name = Main.storyboard;
			sourceTree = "<group>";
		};
		CDA7E1501E83C0030095AD65 /* LaunchScreen.storyboard */ = {
			isa = PBXVariantGroup;
			children = (
				CDA7E1511E83C0030095AD65 /* Base */,
			);
			name = LaunchScreen.storyboard;
			sourceTree = "<group>";
		};
/* End PBXVariantGroup section */

/* Begin XCBuildConfiguration section */
		CDA7E15F1E83C0030095AD65 /* Debug */ = {
			isa = XCBuildConfiguration;
			buildSettings = {
				ALWAYS_SEARCH_USER_PATHS = NO;
				CLANG_ANALYZER_NONNULL = YES;
				CLANG_CXX_LANGUAGE_STANDARD = "gnu++0x";
				CLANG_CXX_LIBRARY = "libc++";
				CLANG_ENABLE_MODULES = YES;
				CLANG_ENABLE_OBJC_ARC = YES;
				CLANG_WARN_BOOL_CONVERSION = YES;
				CLANG_WARN_CONSTANT_CONVERSION = YES;
				CLANG_WARN_DIRECT_OBJC_ISA_USAGE = YES_ERROR;
				CLANG_WARN_DOCUMENTATION_COMMENTS = YES;
				CLANG_WARN_EMPTY_BODY = YES;
				CLANG_WARN_ENUM_CONVERSION = YES;
				CLANG_WARN_INFINITE_RECURSION = YES;
				CLANG_WARN_INT_CONVERSION = YES;
				CLANG_WARN_OBJC_ROOT_CLASS = YES_ERROR;
				CLANG_WARN_SUSPICIOUS_MOVE = YES;
				CLANG_WARN_UNREACHABLE_CODE = YES;
				CLANG_WARN__DUPLICATE_METHOD_MATCH = YES;
				"CODE_SIGN_IDENTITY[sdk=iphoneos*]" = "iPhone Developer";
				COPY_PHASE_STRIP = NO;
				DEBUG_INFORMATION_FORMAT = dwarf;
				ENABLE_STRICT_OBJC_MSGSEND = YES;
				ENABLE_TESTABILITY = YES;
				GCC_C_LANGUAGE_STANDARD = gnu99;
				GCC_DYNAMIC_NO_PIC = NO;
				GCC_NO_COMMON_BLOCKS = YES;
				GCC_OPTIMIZATION_LEVEL = 0;
				GCC_PREPROCESSOR_DEFINITIONS = (
					"DEBUG=1",
					"$(inherited)",
				);
				GCC_WARN_64_TO_32_BIT_CONVERSION = YES;
				GCC_WARN_ABOUT_RETURN_TYPE = YES_ERROR;
				GCC_WARN_UNDECLARED_SELECTOR = YES;
				GCC_WARN_UNINITIALIZED_AUTOS = YES_AGGRESSIVE;
				GCC_WARN_UNUSED_FUNCTION = YES;
				GCC_WARN_UNUSED_VARIABLE = YES;
				IPHONEOS_DEPLOYMENT_TARGET = 10.2;
				MTL_ENABLE_DEBUG_INFO = YES;
				ONLY_ACTIVE_ARCH = YES;
				SDKROOT = iphoneos;
				SWIFT_ACTIVE_COMPILATION_CONDITIONS = DEBUG;
				SWIFT_OPTIMIZATION_LEVEL = "-Onone";
			};
			name = Debug;
		};
		CDA7E1601E83C0030095AD65 /* Release */ = {
			isa = XCBuildConfiguration;
			buildSettings = {
				ALWAYS_SEARCH_USER_PATHS = NO;
				CLANG_ANALYZER_NONNULL = YES;
				CLANG_CXX_LANGUAGE_STANDARD = "gnu++0x";
				CLANG_CXX_LIBRARY = "libc++";
				CLANG_ENABLE_MODULES = YES;
				CLANG_ENABLE_OBJC_ARC = YES;
				CLANG_WARN_BOOL_CONVERSION = YES;
				CLANG_WARN_CONSTANT_CONVERSION = YES;
				CLANG_WARN_DIRECT_OBJC_ISA_USAGE = YES_ERROR;
				CLANG_WARN_DOCUMENTATION_COMMENTS = YES;
				CLANG_WARN_EMPTY_BODY = YES;
				CLANG_WARN_ENUM_CONVERSION = YES;
				CLANG_WARN_INFINITE_RECURSION = YES;
				CLANG_WARN_INT_CONVERSION = YES;
				CLANG_WARN_OBJC_ROOT_CLASS = YES_ERROR;
				CLANG_WARN_SUSPICIOUS_MOVE = YES;
				CLANG_WARN_UNREACHABLE_CODE = YES;
				CLANG_WARN__DUPLICATE_METHOD_MATCH = YES;
				"CODE_SIGN_IDENTITY[sdk=iphoneos*]" = "iPhone Developer";
				COPY_PHASE_STRIP = NO;
				DEBUG_INFORMATION_FORMAT = "dwarf-with-dsym";
				ENABLE_NS_ASSERTIONS = NO;
				ENABLE_STRICT_OBJC_MSGSEND = YES;
				GCC_C_LANGUAGE_STANDARD = gnu99;
				GCC_NO_COMMON_BLOCKS = YES;
				GCC_WARN_64_TO_32_BIT_CONVERSION = YES;
				GCC_WARN_ABOUT_RETURN_TYPE = YES_ERROR;
				GCC_WARN_UNDECLARED_SELECTOR = YES;
				GCC_WARN_UNINITIALIZED_AUTOS = YES_AGGRESSIVE;
				GCC_WARN_UNUSED_FUNCTION = YES;
				GCC_WARN_UNUSED_VARIABLE = YES;
				IPHONEOS_DEPLOYMENT_TARGET = 10.2;
				MTL_ENABLE_DEBUG_INFO = NO;
				SDKROOT = iphoneos;
				SWIFT_OPTIMIZATION_LEVEL = "-Owholemodule";
				VALIDATE_PRODUCT = YES;
			};
			name = Release;
		};
		CDA7E1621E83C0030095AD65 /* Debug */ = {
			isa = XCBuildConfiguration;
			baseConfigurationReference = C65E3824B7F677E15A944BD9 /* Pods-CustomCollectionView.debug.xcconfig */;
			buildSettings = {
				ALWAYS_EMBED_SWIFT_STANDARD_LIBRARIES = YES;
				ASSETCATALOG_COMPILER_APPICON_NAME = AppIcon;
				DEVELOPMENT_TEAM = 974TYEJCT3;
				INFOPLIST_FILE = CustomCollectionView/Info.plist;
				IPHONEOS_DEPLOYMENT_TARGET = 9.0;
				LD_RUNPATH_SEARCH_PATHS = "$(inherited) @executable_path/Frameworks";
				PRODUCT_BUNDLE_IDENTIFIER = com.poc.demo;
				PRODUCT_NAME = "$(TARGET_NAME)";
				PROVISIONING_PROFILE = "f1a63614-e220-4522-9266-e71361964b13";
				PROVISIONING_PROFILE_SPECIFIER = "Generic Demo POC | Dev";
				SWIFT_VERSION = 3.0;
			};
			name = Debug;
		};
		CDA7E1631E83C0030095AD65 /* Release */ = {
			isa = XCBuildConfiguration;
			baseConfigurationReference = BF60401198EEACB31CBA7428 /* Pods-CustomCollectionView.release.xcconfig */;
			buildSettings = {
				ALWAYS_EMBED_SWIFT_STANDARD_LIBRARIES = YES;
				ASSETCATALOG_COMPILER_APPICON_NAME = AppIcon;
				DEVELOPMENT_TEAM = 974TYEJCT3;
				INFOPLIST_FILE = CustomCollectionView/Info.plist;
				IPHONEOS_DEPLOYMENT_TARGET = 9.0;
				LD_RUNPATH_SEARCH_PATHS = "$(inherited) @executable_path/Frameworks";
				PRODUCT_BUNDLE_IDENTIFIER = com.poc.demo;
				PRODUCT_NAME = "$(TARGET_NAME)";
				PROVISIONING_PROFILE = "f1a63614-e220-4522-9266-e71361964b13";
				PROVISIONING_PROFILE_SPECIFIER = "Generic Demo POC | Dev";
				SWIFT_VERSION = 3.0;
			};
			name = Release;
		};
		CDA7E1651E83C0030095AD65 /* Debug */ = {
			isa = XCBuildConfiguration;
			baseConfigurationReference = 1BC3A5FFBF7FD99B939CBCB1 /* Pods-CustomCollectionViewTests.debug.xcconfig */;
			buildSettings = {
				ALWAYS_EMBED_SWIFT_STANDARD_LIBRARIES = YES;
				BUNDLE_LOADER = "$(TEST_HOST)";
				INFOPLIST_FILE = CustomCollectionViewTests/Info.plist;
				LD_RUNPATH_SEARCH_PATHS = "$(inherited) @executable_path/Frameworks @loader_path/Frameworks";
				PRODUCT_BUNDLE_IDENTIFIER = accenture.com.CustomCollectionViewTests;
				PRODUCT_NAME = "$(TARGET_NAME)";
				SWIFT_VERSION = 3.0;
				TEST_HOST = "$(BUILT_PRODUCTS_DIR)/CustomCollectionView.app/CustomCollectionView";
			};
			name = Debug;
		};
		CDA7E1661E83C0030095AD65 /* Release */ = {
			isa = XCBuildConfiguration;
			baseConfigurationReference = CCF384EC4333E53E577F02ED /* Pods-CustomCollectionViewTests.release.xcconfig */;
			buildSettings = {
				ALWAYS_EMBED_SWIFT_STANDARD_LIBRARIES = YES;
				BUNDLE_LOADER = "$(TEST_HOST)";
				INFOPLIST_FILE = CustomCollectionViewTests/Info.plist;
				LD_RUNPATH_SEARCH_PATHS = "$(inherited) @executable_path/Frameworks @loader_path/Frameworks";
				PRODUCT_BUNDLE_IDENTIFIER = accenture.com.CustomCollectionViewTests;
				PRODUCT_NAME = "$(TARGET_NAME)";
				SWIFT_VERSION = 3.0;
				TEST_HOST = "$(BUILT_PRODUCTS_DIR)/CustomCollectionView.app/CustomCollectionView";
			};
			name = Release;
		};
/* End XCBuildConfiguration section */

/* Begin XCConfigurationList section */
		CDA7E13F1E83C0030095AD65 /* Build configuration list for PBXProject "CustomCollectionView" */ = {
			isa = XCConfigurationList;
			buildConfigurations = (
				CDA7E15F1E83C0030095AD65 /* Debug */,
				CDA7E1601E83C0030095AD65 /* Release */,
			);
			defaultConfigurationIsVisible = 0;
			defaultConfigurationName = Release;
		};
		CDA7E1611E83C0030095AD65 /* Build configuration list for PBXNativeTarget "CustomCollectionView" */ = {
			isa = XCConfigurationList;
			buildConfigurations = (
				CDA7E1621E83C0030095AD65 /* Debug */,
				CDA7E1631E83C0030095AD65 /* Release */,
			);
			defaultConfigurationIsVisible = 0;
			defaultConfigurationName = Release;
		};
		CDA7E1641E83C0030095AD65 /* Build configuration list for PBXNativeTarget "CustomCollectionViewTests" */ = {
			isa = XCConfigurationList;
			buildConfigurations = (
				CDA7E1651E83C0030095AD65 /* Debug */,
				CDA7E1661E83C0030095AD65 /* Release */,
			);
			defaultConfigurationIsVisible = 0;
			defaultConfigurationName = Release;
		};
/* End XCConfigurationList section */
	};
	rootObject = CDA7E13C1E83C0030095AD65 /* Project object */;
}
